
Microsoft Visual Studio Solution File, Format Version 12.00
# Visual Studio 2015
Project("{FAE04EC0-301F-11D3-BF4B-00C04F79EFBC}") = "Lagsters.Plugins", "Lagsters.Plugins.csproj", "{8233AFE5-D956-0402-DDC7-991B7BD36863}"
EndProject
Project("{FAE04EC0-301F-11D3-BF4B-00C04F79EFBC}") = "Lagsters", "Lagsters.csproj", "{93A19028-59EA-E656-30D4-67D6FEB3F44B}"
EndProject
Project("{FAE04EC0-301F-11D3-BF4B-00C04F79EFBC}") = "Lagsters.Editor", "Lagsters.Editor.csproj", "{67C41E23-32BA-96F7-95EA-EF7FB9AB0346}"
EndProject
Global
	GlobalSection(SolutionConfigurationPlatforms) = preSolution
		Debug|Any CPU = Debug|Any CPU
		Release|Any CPU = Release|Any CPU
	EndGlobalSection
	GlobalSection(ProjectConfigurationPlatforms) = postSolution
		{8233AFE5-D956-0402-DDC7-991B7BD36863}.Debug|Any CPU.ActiveCfg = Debug|Any CPU
		{8233AFE5-D956-0402-DDC7-991B7BD36863}.Debug|Any CPU.Build.0 = Debug|Any CPU
		{8233AFE5-D956-0402-DDC7-991B7BD36863}.Release|Any CPU.ActiveCfg = Release|Any CPU
		{8233AFE5-D956-0402-DDC7-991B7BD36863}.Release|Any CPU.Build.0 = Release|Any CPU
		{93A19028-59EA-E656-30D4-67D6FEB3F44B}.Debug|Any CPU.ActiveCfg = Debug|Any CPU
		{93A19028-59EA-E656-30D4-67D6FEB3F44B}.Debug|Any CPU.Build.0 = Debug|Any CPU
		{93A19028-59EA-E656-30D4-67D6FEB3F44B}.Release|Any CPU.ActiveCfg = Release|Any CPU
		{93A19028-59EA-E656-30D4-67D6FEB3F44B}.Release|Any CPU.Build.0 = Release|Any CPU
		{67C41E23-32BA-96F7-95EA-EF7FB9AB0346}.Debug|Any CPU.ActiveCfg = Debug|Any CPU
		{67C41E23-32BA-96F7-95EA-EF7FB9AB0346}.Debug|Any CPU.Build.0 = Debug|Any CPU
		{67C41E23-32BA-96F7-95EA-EF7FB9AB0346}.Release|Any CPU.ActiveCfg = Release|Any CPU
		{67C41E23-32BA-96F7-95EA-EF7FB9AB0346}.Release|Any CPU.Build.0 = Release|Any CPU
	EndGlobalSection
	GlobalSection(SolutionProperties) = preSolution
		HideSolutionNode = FALSE
	EndGlobalSection
EndGlobal
